
Microsoft Visual Studio Solution File, Format Version 12.00
Project("{FAE04EC0-301F-11D3-BF4B-00C04F79EFBC}") = "Logistiks", "Logistiks\Logistiks.csproj", "{AA1A3529-A811-41A4-87F7-4040E08AFDFC}"
EndProject
Global
	GlobalSection(SolutionConfigurationPlatforms) = preSolution
		Debug|Any CPU = Debug|Any CPU
		Release|Any CPU = Release|Any CPU
	EndGlobalSection
	GlobalSection(ProjectConfigurationPlatforms) = postSolution
		{AA1A3529-A811-41A4-87F7-4040E08AFDFC}.Debug|Any CPU.ActiveCfg = Debug|Any CPU
		{AA1A3529-A811-41A4-87F7-4040E08AFDFC}.Debug|Any CPU.Build.0 = Debug|Any CPU
		{AA1A3529-A811-41A4-87F7-4040E08AFDFC}.Release|Any CPU.ActiveCfg = Release|Any CPU
		{AA1A3529-A811-41A4-87F7-4040E08AFDFC}.Release|Any CPU.Build.0 = Release|Any CPU
	EndGlobalSection
EndGlobal
